// !$*UTF8*$!
{
	archiveVersion = 1;
	classes = {
	};
	objectVersion = 46;
	objects = {

/* Begin PBXBuildFile section */
		439B294F1AD6F2E8000171D6 /* MenuScene.m in Sources */ = {isa = PBXBuildFile; fileRef = 439B294E1AD6F2E8000171D6 /* MenuScene.m */; };
		439B29511AD6F38C000171D6 /* MenuScene.sks in Resources */ = {isa = PBXBuildFile; fileRef = 439B29501AD6F38C000171D6 /* MenuScene.sks */; };
		439E20E11AD328C30020726D /* main.m in Sources */ = {isa = PBXBuildFile; fileRef = 439E20E01AD328C30020726D /* main.m */; };
		439E20E41AD328C30020726D /* AppDelegate.m in Sources */ = {isa = PBXBuildFile; fileRef = 439E20E31AD328C30020726D /* AppDelegate.m */; };
		439E20E71AD328C30020726D /* GameScene.m in Sources */ = {isa = PBXBuildFile; fileRef = 439E20E61AD328C30020726D /* GameScene.m */; };
		439E20E91AD328C30020726D /* GameScene.sks in Resources */ = {isa = PBXBuildFile; fileRef = 439E20E81AD328C30020726D /* GameScene.sks */; };
		439E20EC1AD328C30020726D /* GameViewController.m in Sources */ = {isa = PBXBuildFile; fileRef = 439E20EB1AD328C30020726D /* GameViewController.m */; };
		439E20EF1AD328C30020726D /* Main.storyboard in Resources */ = {isa = PBXBuildFile; fileRef = 439E20ED1AD328C30020726D /* Main.storyboard */; };
		439E20F11AD328C30020726D /* Images.xcassets in Resources */ = {isa = PBXBuildFile; fileRef = 439E20F01AD328C30020726D /* Images.xcassets */; };
		439E20F41AD328C30020726D /* LaunchScreen.xib in Resources */ = {isa = PBXBuildFile; fileRef = 439E20F21AD328C30020726D /* LaunchScreen.xib */; };
		439E21001AD328C30020726D /* MatchingGameTests.m in Sources */ = {isa = PBXBuildFile; fileRef = 439E20FF1AD328C30020726D /* MatchingGameTests.m */; };
/* End PBXBuildFile section */

/* Begin PBXContainerItemProxy section */
		439E20FA1AD328C30020726D /* PBXContainerItemProxy */ = {
			isa = PBXContainerItemProxy;
			containerPortal = 439E20D31AD328C30020726D /* Project object */;
			proxyType = 1;
			remoteGlobalIDString = 439E20DA1AD328C30020726D;
			remoteInfo = MatchingGame;
		};
/* End PBXContainerItemProxy section */

/* Begin PBXFileReference section */
		439B294D1AD6F258000171D6 /* MenuScene.h */ = {isa = PBXFileReference; lastKnownFileType = sourcecode.c.h; path = MenuScene.h; sourceTree = "<group>"; };
		439B294E1AD6F2E8000171D6 /* MenuScene.m */ = {isa = PBXFileReference; fileEncoding = 4; lastKnownFileType = sourcecode.c.objc; path = MenuScene.m; sourceTree = "<group>"; };
		439B29501AD6F38C000171D6 /* MenuScene.sks */ = {isa = PBXFileReference; lastKnownFileType = file.sks; path = MenuScene.sks; sourceTree = "<group>"; };
		439E20DB1AD328C30020726D /* MatchingGame.app */ = {isa = PBXFileReference; explicitFileType = wrapper.application; includeInIndex = 0; path = MatchingGame.app; sourceTree = BUILT_PRODUCTS_DIR; };
		439E20DF1AD328C30020726D /* Info.plist */ = {isa = PBXFileReference; lastKnownFileType = text.plist.xml; path = Info.plist; sourceTree = "<group>"; };
		439E20E01AD328C30020726D /* main.m */ = {isa = PBXFileReference; lastKnownFileType = sourcecode.c.objc; path = main.m; sourceTree = "<group>"; };
		439E20E21AD328C30020726D /* AppDelegate.h */ = {isa = PBXFileReference; lastKnownFileType = sourcecode.c.h; path = AppDelegate.h; sourceTree = "<group>"; };
		439E20E31AD328C30020726D /* AppDelegate.m */ = {isa = PBXFileReference; lastKnownFileType = sourcecode.c.objc; path = AppDelegate.m; sourceTree = "<group>"; };
		439E20E51AD328C30020726D /* GameScene.h */ = {isa = PBXFileReference; lastKnownFileType = sourcecode.c.h; path = GameScene.h; sourceTree = "<group>"; };
		439E20E61AD328C30020726D /* GameScene.m */ = {isa = PBXFileReference; lastKnownFileType = sourcecode.c.objc; path = GameScene.m; sourceTree = "<group>"; };
		439E20E81AD328C30020726D /* GameScene.sks */ = {isa = PBXFileReference; lastKnownFileType = file.sks; path = GameScene.sks; sourceTree = "<group>"; };
		439E20EA1AD328C30020726D /* GameViewController.h */ = {isa = PBXFileReference; lastKnownFileType = sourcecode.c.h; path = GameViewController.h; sourceTree = "<group>"; };
		439E20EB1AD328C30020726D /* GameViewController.m */ = {isa = PBXFileReference; lastKnownFileType = sourcecode.c.objc; path = GameViewController.m; sourceTree = "<group>"; };
		439E20EE1AD328C30020726D /* Base */ = {isa = PBXFileReference; lastKnownFileType = file.storyboard; name = Base; path = Base.lproj/Main.storyboard; sourceTree = "<group>"; };
		439E20F01AD328C30020726D /* Images.xcassets */ = {isa = PBXFileReference; lastKnownFileType = folder.assetcatalog; path = Images.xcassets; sourceTree = "<group>"; };
		439E20F31AD328C30020726D /* Base */ = {isa = PBXFileReference; lastKnownFileType = file.xib; name = Base; path = Base.lproj/LaunchScreen.xib; sourceTree = "<group>"; };
		439E20F91AD328C30020726D /* MatchingGameTests.xctest */ = {isa = PBXFileReference; explicitFileType = wrapper.cfbundle; includeInIndex = 0; path = MatchingGameTests.xctest; sourceTree = BUILT_PRODUCTS_DIR; };
		439E20FE1AD328C30020726D /* Info.plist */ = {isa = PBXFileReference; lastKnownFileType = text.plist.xml; path = Info.plist; sourceTree = "<group>"; };
		439E20FF1AD328C30020726D /* MatchingGameTests.m */ = {isa = PBXFileReference; lastKnownFileType = sourcecode.c.objc; path = MatchingGameTests.m; sourceTree = "<group>"; };
/* End PBXFileReference section */

/* Begin PBXFrameworksBuildPhase section */
		439E20D81AD328C30020726D /* Frameworks */ = {
			isa = PBXFrameworksBuildPhase;
			buildActionMask = 2147483647;
			files = (
			);
			runOnlyForDeploymentPostprocessing = 0;
		};
		439E20F61AD328C30020726D /* Frameworks */ = {
			isa = PBXFrameworksBuildPhase;
			buildActionMask = 2147483647;
			files = (
			);
			runOnlyForDeploymentPostprocessing = 0;
		};
/* End PBXFrameworksBuildPhase section */

/* Begin PBXGroup section */
		439E20D21AD328C30020726D = {
			isa = PBXGroup;
			children = (
				439E20DD1AD328C30020726D /* MatchingGame */,
				439E20FC1AD328C30020726D /* MatchingGameTests */,
				439E20DC1AD328C30020726D /* Products */,
			);
			sourceTree = "<group>";
		};
		439E20DC1AD328C30020726D /* Products */ = {
			isa = PBXGroup;
			children = (
				439E20DB1AD328C30020726D /* MatchingGame.app */,
				439E20F91AD328C30020726D /* MatchingGameTests.xctest */,
			);
			name = Products;
			sourceTree = "<group>";
		};
		439E20DD1AD328C30020726D /* MatchingGame */ = {
			isa = PBXGroup;
			children = (
				439E20E21AD328C30020726D /* AppDelegate.h */,
				439E20E31AD328C30020726D /* AppDelegate.m */,
				439E20E51AD328C30020726D /* GameScene.h */,
				439E20E61AD328C30020726D /* GameScene.m */,
				439E20E81AD328C30020726D /* GameScene.sks */,
				439E20EA1AD328C30020726D /* GameViewController.h */,
				439E20EB1AD328C30020726D /* GameViewController.m */,
				439E20ED1AD328C30020726D /* Main.storyboard */,
				439E20F01AD328C30020726D /* Images.xcassets */,
				439E20F21AD328C30020726D /* LaunchScreen.xib */,
				439E20DE1AD328C30020726D /* Supporting Files */,
				439B294D1AD6F258000171D6 /* MenuScene.h */,
				439B294E1AD6F2E8000171D6 /* MenuScene.m */,
				439B29501AD6F38C000171D6 /* MenuScene.sks */,
			);
			path = MatchingGame;
			sourceTree = "<group>";
		};
		439E20DE1AD328C30020726D /* Supporting Files */ = {
			isa = PBXGroup;
			children = (
				439E20DF1AD328C30020726D /* Info.plist */,
				439E20E01AD328C30020726D /* main.m */,
			);
			name = "Supporting Files";
			sourceTree = "<group>";
		};
		439E20FC1AD328C30020726D /* MatchingGameTests */ = {
			isa = PBXGroup;
			children = (
				439E20FF1AD328C30020726D /* MatchingGameTests.m */,
				439E20FD1AD328C30020726D /* Supporting Files */,
			);
			path = MatchingGameTests;
			sourceTree = "<group>";
		};
		439E20FD1AD328C30020726D /* Supporting Files */ = {
			isa = PBXGroup;
			children = (
				439E20FE1AD328C30020726D /* Info.plist */,
			);
			name = "Supporting Files";
			sourceTree = "<group>";
		};
/* End PBXGroup section */

/* Begin PBXNativeTarget section */
		439E20DA1AD328C30020726D /* MatchingGame */ = {
			isa = PBXNativeTarget;
			buildConfigurationList = 439E21031AD328C30020726D /* Build configuration list for PBXNativeTarget "MatchingGame" */;
			buildPhases = (
				439E20D71AD328C30020726D /* Sources */,
				439E20D81AD328C30020726D /* Frameworks */,
				439E20D91AD328C30020726D /* Resources */,
			);
			buildRules = (
			);
			dependencies = (
			);
			name = MatchingGame;
			productName = MatchingGame;
			productReference = 439E20DB1AD328C30020726D /* MatchingGame.app */;
			productType = "com.apple.product-type.application";
		};
		439E20F81AD328C30020726D /* MatchingGameTests */ = {
			isa = PBXNativeTarget;
			buildConfigurationList = 439E21061AD328C30020726D /* Build configuration list for PBXNativeTarget "MatchingGameTests" */;
			buildPhases = (
				439E20F51AD328C30020726D /* Sources */,
				439E20F61AD328C30020726D /* Frameworks */,
				439E20F71AD328C30020726D /* Resources */,
			);
			buildRules = (
			);
			dependencies = (
				439E20FB1AD328C30020726D /* PBXTargetDependency */,
			);
			name = MatchingGameTests;
			productName = MatchingGameTests;
			productReference = 439E20F91AD328C30020726D /* MatchingGameTests.xctest */;
			productType = "com.apple.product-type.bundle.unit-test";
		};
/* End PBXNativeTarget section */

/* Begin PBXProject section */
		439E20D31AD328C30020726D /* Project object */ = {
			isa = PBXProject;
			attributes = {
				LastUpgradeCheck = 0620;
				ORGANIZATIONNAME = Min;
				TargetAttributes = {
					439E20DA1AD328C30020726D = {
						CreatedOnToolsVersion = 6.2;
					};
					439E20F81AD328C30020726D = {
						CreatedOnToolsVersion = 6.2;
						TestTargetID = 439E20DA1AD328C30020726D;
					};
				};
			};
			buildConfigurationList = 439E20D61AD328C30020726D /* Build configuration list for PBXProject "MatchingGame" */;
			compatibilityVersion = "Xcode 3.2";
			developmentRegion = English;
			hasScannedForEncodings = 0;
			knownRegions = (
				en,
				Base,
			);
			mainGroup = 439E20D21AD328C30020726D;
			productRefGroup = 439E20DC1AD328C30020726D /* Products */;
			projectDirPath = "";
			projectRoot = "";
			targets = (
				439E20DA1AD328C30020726D /* MatchingGame */,
				439E20F81AD328C30020726D /* MatchingGameTests */,
			);
		};
/* End PBXProject section */

/* Begin PBXResourcesBuildPhase section */
		439E20D91AD328C30020726D /* Resources */ = {
			isa = PBXResourcesBuildPhase;
			buildActionMask = 2147483647;
			files = (
				439E20F41AD328C30020726D /* LaunchScreen.xib in Resources */,
				439E20F11AD328C30020726D /* Images.xcassets in Resources */,
				439E20E91AD328C30020726D /* GameScene.sks in Resources */,
				439B29511AD6F38C000171D6 /* MenuScene.sks in Resources */,
				439E20EF1AD328C30020726D /* Main.storyboard in Resources */,
			);
			runOnlyForDeploymentPostprocessing = 0;
		};
		439E20F71AD328C30020726D /* Resources */ = {
			isa = PBXResourcesBuildPhase;
			buildActionMask = 2147483647;
			files = (
			);
			runOnlyForDeploymentPostprocessing = 0;
		};
/* End PBXResourcesBuildPhase section */

/* Begin PBXSourcesBuildPhase section */
		439E20D71AD328C30020726D /* Sources */ = {
			isa = PBXSourcesBuildPhase;
			buildActionMask = 2147483647;
			files = (
				439E20EC1AD328C30020726D /* GameViewController.m in Sources */,
				439B294F1AD6F2E8000171D6 /* MenuScene.m in Sources */,
				439E20E41AD328C30020726D /* AppDelegate.m in Sources */,
				439E20E71AD328C30020726D /* GameScene.m in Sources */,
				439E20E11AD328C30020726D /* main.m in Sources */,
			);
			runOnlyForDeploymentPostprocessing = 0;
		};
		439E20F51AD328C30020726D /* Sources */ = {
			isa = PBXSourcesBuildPhase;
			buildActionMask = 2147483647;
			files = (
				439E21001AD328C30020726D /* MatchingGameTests.m in Sources */,
			);
			runOnlyForDeploymentPostprocessing = 0;
		};
/* End PBXSourcesBuildPhase section */

/* Begin PBXTargetDependency section */
		439E20FB1AD328C30020726D /* PBXTargetDependency */ = {
			isa = PBXTargetDependency;
			target = 439E20DA1AD328C30020726D /* MatchingGame */;
			targetProxy = 439E20FA1AD328C30020726D /* PBXContainerItemProxy */;
		};
/* End PBXTargetDependency section */

/* Begin PBXVariantGroup section */
		439E20ED1AD328C30020726D /* Main.storyboard */ = {
			isa = PBXVariantGroup;
			children = (
				439E20EE1AD328C30020726D /* Base */,
			);
			name = Main.storyboard;
			sourceTree = "<group>";
		};
		439E20F21AD328C30020726D /* LaunchScreen.xib */ = {
			isa = PBXVariantGroup;
			children = (
				439E20F31AD328C30020726D /* Base */,
			);
			name = LaunchScreen.xib;
			sourceTree = "<group>";
		};
/* End PBXVariantGroup section */

/* Begin XCBuildConfiguration section */
		439E21011AD328C30020726D /* Debug */ = {
			isa = XCBuildConfiguration;
			buildSettings = {
				ALWAYS_SEARCH_USER_PATHS = NO;
				CLANG_CXX_LANGUAGE_STANDARD = "gnu++0x";
				CLANG_CXX_LIBRARY = "libc++";
				CLANG_ENABLE_MODULES = YES;
				CLANG_ENABLE_OBJC_ARC = YES;
				CLANG_WARN_BOOL_CONVERSION = YES;
				CLANG_WARN_CONSTANT_CONVERSION = YES;
				CLANG_WARN_DIRECT_OBJC_ISA_USAGE = YES_ERROR;
				CLANG_WARN_EMPTY_BODY = YES;
				CLANG_WARN_ENUM_CONVERSION = YES;
				CLANG_WARN_INT_CONVERSION = YES;
				CLANG_WARN_OBJC_ROOT_CLASS = YES_ERROR;
				CLANG_WARN_UNREACHABLE_CODE = YES;
				CLANG_WARN__DUPLICATE_METHOD_MATCH = YES;
				"CODE_SIGN_IDENTITY[sdk=iphoneos*]" = "iPhone Developer";
				COPY_PHASE_STRIP = NO;
				ENABLE_STRICT_OBJC_MSGSEND = YES;
				GCC_C_LANGUAGE_STANDARD = gnu99;
				GCC_DYNAMIC_NO_PIC = NO;
				GCC_OPTIMIZATION_LEVEL = 0;
				GCC_PREPROCESSOR_DEFINITIONS = (
					"DEBUG=1",
					"$(inherited)",
				);
				GCC_SYMBOLS_PRIVATE_EXTERN = NO;
				GCC_WARN_64_TO_32_BIT_CONVERSION = YES;
				GCC_WARN_ABOUT_RETURN_TYPE = YES_ERROR;
				GCC_WARN_UNDECLARED_SELECTOR = YES;
				GCC_WARN_UNINITIALIZED_AUTOS = YES_AGGRESSIVE;
				GCC_WARN_UNUSED_FUNCTION = YES;
				GCC_WARN_UNUSED_VARIABLE = YES;
				IPHONEOS_DEPLOYMENT_TARGET = 8.2;
				MTL_ENABLE_DEBUG_INFO = YES;
				ONLY_ACTIVE_ARCH = YES;
				SDKROOT = iphoneos;
				TARGETED_DEVICE_FAMILY = "1,2";
			};
			name = Debug;
		};
		439E21021AD328C30020726D /* Release */ = {
			isa = XCBuildConfiguration;
			buildSettings = {
				ALWAYS_SEARCH_USER_PATHS = NO;
				CLANG_CXX_LANGUAGE_STANDARD = "gnu++0x";
				CLANG_CXX_LIBRARY = "libc++";
				CLANG_ENABLE_MODULES = YES;
				CLANG_ENABLE_OBJC_ARC = YES;
				CLANG_WARN_BOOL_CONVERSION = YES;
				CLANG_WARN_CONSTANT_CONVERSION = YES;
				CLANG_WARN_DIRECT_OBJC_ISA_USAGE = YES_ERROR;
				CLANG_WARN_EMPTY_BODY = YES;
				CLANG_WARN_ENUM_CONVERSION = YES;
				CLANG_WARN_INT_CONVERSION = YES;
				CLANG_WARN_OBJC_ROOT_CLASS = YES_ERROR;
				CLANG_WARN_UNREACHABLE_CODE = YES;
				CLANG_WARN__DUPLICATE_METHOD_MATCH = YES;
				"CODE_SIGN_IDENTITY[sdk=iphoneos*]" = "iPhone Developer";
				COPY_PHASE_STRIP = NO;
				ENABLE_NS_ASSERTIONS = NO;
				ENABLE_STRICT_OBJC_MSGSEND = YES;
				GCC_C_LANGUAGE_STANDARD = gnu99;
				GCC_WARN_64_TO_32_BIT_CONVERSION = YES;
				GCC_WARN_ABOUT_RETURN_TYPE = YES_ERROR;
				GCC_WARN_UNDECLARED_SELECTOR = YES;
				GCC_WARN_UNINITIALIZED_AUTOS = YES_AGGRESSIVE;
				GCC_WARN_UNUSED_FUNCTION = YES;
				GCC_WARN_UNUSED_VARIABLE = YES;
				IPHONEOS_DEPLOYMENT_TARGET = 8.2;
				MTL_ENABLE_DEBUG_INFO = NO;
				SDKROOT = iphoneos;
				TARGETED_DEVICE_FAMILY = "1,2";
				VALIDATE_PRODUCT = YES;
			};
			name = Release;
		};
		439E21041AD328C30020726D /* Debug */ = {
			isa = XCBuildConfiguration;
			buildSettings = {
				ASSETCATALOG_COMPILER_APPICON_NAME = AppIcon;
				INFOPLIST_FILE = MatchingGame/Info.plist;
				LD_RUNPATH_SEARCH_PATHS = "$(inherited) @executable_path/Frameworks";
				PRODUCT_NAME = "$(TARGET_NAME)";
			};
			name = Debug;
		};
		439E21051AD328C30020726D /* Release */ = {
			isa = XCBuildConfiguration;
			buildSettings = {
				ASSETCATALOG_COMPILER_APPICON_NAME = AppIcon;
				INFOPLIST_FILE = MatchingGame/Info.plist;
				LD_RUNPATH_SEARCH_PATHS = "$(inherited) @executable_path/Frameworks";
				PRODUCT_NAME = "$(TARGET_NAME)";
			};
			name = Release;
		};
		439E21071AD328C30020726D /* Debug */ = {
			isa = XCBuildConfiguration;
			buildSettings = {
				BUNDLE_LOADER = "$(TEST_HOST)";
				FRAMEWORK_SEARCH_PATHS = (
					"$(SDKROOT)/Developer/Library/Frameworks",
					"$(inherited)",
				);
				GCC_PREPROCESSOR_DEFINITIONS = (
					"DEBUG=1",
					"$(inherited)",
				);
				INFOPLIST_FILE = MatchingGameTests/Info.plist;
				LD_RUNPATH_SEARCH_PATHS = "$(inherited) @executable_path/Frameworks @loader_path/Frameworks";
				PRODUCT_NAME = "$(TARGET_NAME)";
				TEST_HOST = "$(BUILT_PRODUCTS_DIR)/MatchingGame.app/MatchingGame";
			};
			name = Debug;
		};
		439E21081AD328C30020726D /* Release */ = {
			isa = XCBuildConfiguration;
			buildSettings = {
				BUNDLE_LOADER = "$(TEST_HOST)";
				FRAMEWORK_SEARCH_PATHS = (
					"$(SDKROOT)/Developer/Library/Frameworks",
					"$(inherited)",
				);
				INFOPLIST_FILE = MatchingGameTests/Info.plist;
				LD_RUNPATH_SEARCH_PATHS = "$(inherited) @executable_path/Frameworks @loader_path/Frameworks";
				PRODUCT_NAME = "$(TARGET_NAME)";
				TEST_HOST = "$(BUILT_PRODUCTS_DIR)/MatchingGame.app/MatchingGame";
			};
			name = Release;
		};
/* End XCBuildConfiguration section */

/* Begin XCConfigurationList section */
		439E20D61AD328C30020726D /* Build configuration list for PBXProject "MatchingGame" */ = {
			isa = XCConfigurationList;
			buildConfigurations = (
				439E21011AD328C30020726D /* Debug */,
				439E21021AD328C30020726D /* Release */,
			);
			defaultConfigurationIsVisible = 0;
			defaultConfigurationName = Release;
		};
		439E21031AD328C30020726D /* Build configuration list for PBXNativeTarget "MatchingGame" */ = {
			isa = XCConfigurationList;
			buildConfigurations = (
				439E21041AD328C30020726D /* Debug */,
				439E21051AD328C30020726D /* Release */,
			);
			defaultConfigurationIsVisible = 0;
			defaultConfigurationName = Release;
		};
		439E21061AD328C30020726D /* Build configuration list for PBXNativeTarget "MatchingGameTests" */ = {
			isa = XCConfigurationList;
			buildConfigurations = (
				439E21071AD328C30020726D /* Debug */,
				439E21081AD328C30020726D /* Release */,
			);
			defaultConfigurationIsVisible = 0;
			defaultConfigurationName = Release;
		};
/* End XCConfigurationList section */
	};
	rootObject = 439E20D31AD328C30020726D /* Project object */;
}
